{
  "name": "backend",
  "lockfileVersion": 3,
  "requires": true,
  "packages": {
    "": {
      "dependencies": {
        "ulid": "^3.0.0"
      }
    },
    "node_modules/ulid": {
      "version": "3.0.0",
      "resolved": "https://registry.npmjs.org/ulid/-/ulid-3.0.0.tgz",
      "integrity": "sha512-yvZYdXInnJve6LdlPIuYmURdS2NP41ZoF4QW7SXwbUKYt53+0eDAySO+rGSvM2O/ciuB/G+8N7GQrZ1mCJpuqw==",
      "bin": {
        "ulid": "dist/cli.js"
      }
    }
  }
}
